
Microsoft Visual Studio Solution File, Format Version 12.00
# Visual Studio Version 16
VisualStudioVersion = 16.0.30621.155
MinimumVisualStudioVersion = 10.0.40219.1
Project("{FAE04EC0-301F-11D3-BF4B-00C04F79EFBC}") = "zCalcMoney", "zCalcMoney\zCalcMoney.csproj", "{EDB40648-E5AE-49DB-ABED-50554B2EE60A}"
EndProject
Global
	GlobalSection(SolutionConfigurationPlatforms) = preSolution
		Debug|Any CPU = Debug|Any CPU
		Release|Any CPU = Release|Any CPU
	EndGlobalSection
	GlobalSection(ProjectConfigurationPlatforms) = postSolution
		{EDB40648-E5AE-49DB-ABED-50554B2EE60A}.Debug|Any CPU.ActiveCfg = Debug|Any CPU
		{EDB40648-E5AE-49DB-ABED-50554B2EE60A}.Debug|Any CPU.Build.0 = Debug|Any CPU
		{EDB40648-E5AE-49DB-ABED-50554B2EE60A}.Release|Any CPU.ActiveCfg = Release|Any CPU
		{EDB40648-E5AE-49DB-ABED-50554B2EE60A}.Release|Any CPU.Build.0 = Release|Any CPU
	EndGlobalSection
	GlobalSection(SolutionProperties) = preSolution
		HideSolutionNode = FALSE
	EndGlobalSection
	GlobalSection(ExtensibilityGlobals) = postSolution
		SolutionGuid = {F0819A93-014D-471E-87B8-4544B5A44518}
	EndGlobalSection
EndGlobal
